
Microsoft Visual Studio Solution File, Format Version 12.00
# Visual Studio Version 16
VisualStudioVersion = 16.0.29709.97
MinimumVisualStudioVersion = 10.0.40219.1
Project("{FAE04EC0-301F-11D3-BF4B-00C04F79EFBC}") = "AdventureWorks.Data", "AdventureWorks.Data\AdventureWorks.Data.csproj", "{E621249F-3D79-477F-89A3-706DF39B33A1}"
EndProject
Project("{FAE04EC0-301F-11D3-BF4B-00C04F79EFBC}") = "EntityFrameworkCoreQuery.App", "EntityFrameworkCoreQuery.App\EntityFrameworkCoreQuery.App.csproj", "{44197864-6D67-4A09-8DC4-1DB6F659A2B0}"
EndProject
Global
	GlobalSection(SolutionConfigurationPlatforms) = preSolution
		Debug|Any CPU = Debug|Any CPU
		Release|Any CPU = Release|Any CPU
	EndGlobalSection
	GlobalSection(ProjectConfigurationPlatforms) = postSolution
		{E621249F-3D79-477F-89A3-706DF39B33A1}.Debug|Any CPU.ActiveCfg = Debug|Any CPU
		{E621249F-3D79-477F-89A3-706DF39B33A1}.Debug|Any CPU.Build.0 = Debug|Any CPU
		{E621249F-3D79-477F-89A3-706DF39B33A1}.Release|Any CPU.ActiveCfg = Release|Any CPU
		{E621249F-3D79-477F-89A3-706DF39B33A1}.Release|Any CPU.Build.0 = Release|Any CPU
		{44197864-6D67-4A09-8DC4-1DB6F659A2B0}.Debug|Any CPU.ActiveCfg = Debug|Any CPU
		{44197864-6D67-4A09-8DC4-1DB6F659A2B0}.Debug|Any CPU.Build.0 = Debug|Any CPU
		{44197864-6D67-4A09-8DC4-1DB6F659A2B0}.Release|Any CPU.ActiveCfg = Release|Any CPU
		{44197864-6D67-4A09-8DC4-1DB6F659A2B0}.Release|Any CPU.Build.0 = Release|Any CPU
	EndGlobalSection
	GlobalSection(SolutionProperties) = preSolution
		HideSolutionNode = FALSE
	EndGlobalSection
	GlobalSection(ExtensibilityGlobals) = postSolution
		SolutionGuid = {832179B4-8011-4D73-B3E3-A2A540D66191}
	EndGlobalSection
EndGlobal
